
Microsoft Visual Studio Solution File, Format Version 12.00
# Visual Studio 15
VisualStudioVersion = 15.0.26430.14
MinimumVisualStudioVersion = 10.0.40219.1
Project("{FAE04EC0-301F-11D3-BF4B-00C04F79EFBC}") = "Dna.Ecommerce.LiveIntegration", "Application\Dna.Ecommerce.LiveIntegration.csproj", "{61E84A2C-3B35-466B-8B46-9AFF24D84FE9}"
EndProject
Project("{FAE04EC0-301F-11D3-BF4B-00C04F79EFBC}") = "LiveIntegration.Test", "LiveIntegration.Test\LiveIntegration.Test.csproj", "{6DE39A3B-237F-45E0-A2B8-AF9F7A53EBF4}"
EndProject
Project("{2150E333-8FDC-42A3-9474-1A3956D46DE8}") = "References", "References", "{32AEFB47-22DD-47DD-B427-EA0C8845EE5B}"
	ProjectSection(SolutionItems) = preProject
		References\Dynamicweb.Configuration.dll = References\Dynamicweb.Configuration.dll
		References\Dynamicweb.Controls.dll = References\Dynamicweb.Controls.dll
		References\Dynamicweb.Core.dll = References\Dynamicweb.Core.dll
		References\Dynamicweb.Data.dll = References\Dynamicweb.Data.dll
		References\Dynamicweb.DataIntegration.dll = References\Dynamicweb.DataIntegration.dll
		References\Dynamicweb.dll = References\Dynamicweb.dll
		References\Dynamicweb.Ecommerce.dll = References\Dynamicweb.Ecommerce.dll
		References\Dynamicweb.Environment.dll = References\Dynamicweb.Environment.dll
		References\Dynamicweb.Extensibility.dll = References\Dynamicweb.Extensibility.dll
		References\Dynamicweb.Logging.dll = References\Dynamicweb.Logging.dll
		References\Dynamicweb.Mailing.dll = References\Dynamicweb.Mailing.dll
		References\Dynamicweb.Scheduling.dll = References\Dynamicweb.Scheduling.dll
		References\Dynamicweb.Security.dll = References\Dynamicweb.Security.dll
		References\DynamicwebServiceClass.dll = References\DynamicwebServiceClass.dll
		References\NLog.dll = References\NLog.dll
	EndProjectSection
EndProject
Project("{FAE04EC0-301F-11D3-BF4B-00C04F79EFBC}") = "DebugConnector", "DebugConnector\DebugConnector.csproj", "{D8D103F7-EE13-4E9C-AD00-AA66490B4481}"
EndProject
Global
	GlobalSection(SolutionConfigurationPlatforms) = preSolution
		Debug|Any CPU = Debug|Any CPU
		Release|Any CPU = Release|Any CPU
	EndGlobalSection
	GlobalSection(ProjectConfigurationPlatforms) = postSolution
		{61E84A2C-3B35-466B-8B46-9AFF24D84FE9}.Debug|Any CPU.ActiveCfg = Debug|Any CPU
		{61E84A2C-3B35-466B-8B46-9AFF24D84FE9}.Debug|Any CPU.Build.0 = Debug|Any CPU
		{61E84A2C-3B35-466B-8B46-9AFF24D84FE9}.Release|Any CPU.ActiveCfg = Release|Any CPU
		{61E84A2C-3B35-466B-8B46-9AFF24D84FE9}.Release|Any CPU.Build.0 = Release|Any CPU
		{6DE39A3B-237F-45E0-A2B8-AF9F7A53EBF4}.Debug|Any CPU.ActiveCfg = Debug|Any CPU
		{6DE39A3B-237F-45E0-A2B8-AF9F7A53EBF4}.Debug|Any CPU.Build.0 = Debug|Any CPU
		{6DE39A3B-237F-45E0-A2B8-AF9F7A53EBF4}.Release|Any CPU.ActiveCfg = Release|Any CPU
		{6DE39A3B-237F-45E0-A2B8-AF9F7A53EBF4}.Release|Any CPU.Build.0 = Release|Any CPU
		{D8D103F7-EE13-4E9C-AD00-AA66490B4481}.Debug|Any CPU.ActiveCfg = Debug|Any CPU
		{D8D103F7-EE13-4E9C-AD00-AA66490B4481}.Release|Any CPU.ActiveCfg = Release|Any CPU
		{D8D103F7-EE13-4E9C-AD00-AA66490B4481}.Release|Any CPU.Build.0 = Release|Any CPU
	EndGlobalSection
	GlobalSection(SolutionProperties) = preSolution
		HideSolutionNode = FALSE
	EndGlobalSection
EndGlobal
